
Microsoft Visual Studio Solution File, Format Version 12.00
# Visual Studio Version 16
VisualStudioVersion = 16.0.30225.117
MinimumVisualStudioVersion = 10.0.40219.1
Project("{888888A0-9F3D-457C-B088-3A5042F75D52}") = "TIL", "TIL.pyproj", "{1AD3DBA4-FC28-4BEA-B868-08264C81678C}"
EndProject
Global
	GlobalSection(SolutionConfigurationPlatforms) = preSolution
		Debug|Any CPU = Debug|Any CPU
		Release|Any CPU = Release|Any CPU
	EndGlobalSection
	GlobalSection(ProjectConfigurationPlatforms) = postSolution
		{1AD3DBA4-FC28-4BEA-B868-08264C81678C}.Debug|Any CPU.ActiveCfg = Debug|Any CPU
		{1AD3DBA4-FC28-4BEA-B868-08264C81678C}.Release|Any CPU.ActiveCfg = Release|Any CPU
	EndGlobalSection
	GlobalSection(SolutionProperties) = preSolution
		HideSolutionNode = FALSE
	EndGlobalSection
	GlobalSection(ExtensibilityGlobals) = postSolution
		SolutionGuid = {7A901A11-C87F-4016-8867-E42890B8EC6D}
	EndGlobalSection
EndGlobal
